// !$*UTF8*$!
{
	archiveVersion = 1;
	classes = {
	};
	objectVersion = 51;
	objects = {

/* Begin PBXBuildFile section */
		1C4900766475620461BA187D /* Pods_GeoFence.framework in Frameworks */ = {isa = PBXBuildFile; fileRef = B1269C8B630F5EB4C7382D08 /* Pods_GeoFence.framework */; };
		B43E67EA26219E3C00FF7D3B /* AppDelegate.swift in Sources */ = {isa = PBXBuildFile; fileRef = B43E67E926219E3C00FF7D3B /* AppDelegate.swift */; };
		B43E67EC26219E3C00FF7D3B /* SceneDelegate.swift in Sources */ = {isa = PBXBuildFile; fileRef = B43E67EB26219E3C00FF7D3B /* SceneDelegate.swift */; };
		B43E67EE26219E3C00FF7D3B /* ViewController.swift in Sources */ = {isa = PBXBuildFile; fileRef = B43E67ED26219E3C00FF7D3B /* ViewController.swift */; };
		B43E67F126219E3C00FF7D3B /* Main.storyboard in Resources */ = {isa = PBXBuildFile; fileRef = B43E67EF26219E3C00FF7D3B /* Main.storyboard */; };
		B43E67F326219E3F00FF7D3B /* Assets.xcassets in Resources */ = {isa = PBXBuildFile; fileRef = B43E67F226219E3F00FF7D3B /* Assets.xcassets */; };
		B43E67F626219E3F00FF7D3B /* LaunchScreen.storyboard in Resources */ = {isa = PBXBuildFile; fileRef = B43E67F426219E3F00FF7D3B /* LaunchScreen.storyboard */; };
		B43E68052621CB9700FF7D3B /* GeoFenceModel.xcdatamodeld in Sources */ = {isa = PBXBuildFile; fileRef = B43E68032621CB9700FF7D3B /* GeoFenceModel.xcdatamodeld */; };
		B43E68172621D3E700FF7D3B /* GoogleService-Info.plist in Resources */ = {isa = PBXBuildFile; fileRef = B43E68162621D3E700FF7D3B /* GoogleService-Info.plist */; };
/* End PBXBuildFile section */

/* Begin PBXFileReference section */
		19B2CCB806E092F6C1BAB854 /* Pods-GeoFence.debug.xcconfig */ = {isa = PBXFileReference; includeInIndex = 1; lastKnownFileType = text.xcconfig; name = "Pods-GeoFence.debug.xcconfig"; path = "Target Support Files/Pods-GeoFence/Pods-GeoFence.debug.xcconfig"; sourceTree = "<group>"; };
		B1269C8B630F5EB4C7382D08 /* Pods_GeoFence.framework */ = {isa = PBXFileReference; explicitFileType = wrapper.framework; includeInIndex = 0; path = Pods_GeoFence.framework; sourceTree = BUILT_PRODUCTS_DIR; };
		B43E67E626219E3C00FF7D3B /* GeoFence.app */ = {isa = PBXFileReference; explicitFileType = wrapper.application; includeInIndex = 0; path = GeoFence.app; sourceTree = BUILT_PRODUCTS_DIR; };
		B43E67E926219E3C00FF7D3B /* AppDelegate.swift */ = {isa = PBXFileReference; lastKnownFileType = sourcecode.swift; path = AppDelegate.swift; sourceTree = "<group>"; };
		B43E67EB26219E3C00FF7D3B /* SceneDelegate.swift */ = {isa = PBXFileReference; lastKnownFileType = sourcecode.swift; path = SceneDelegate.swift; sourceTree = "<group>"; };
		B43E67ED26219E3C00FF7D3B /* ViewController.swift */ = {isa = PBXFileReference; lastKnownFileType = sourcecode.swift; path = ViewController.swift; sourceTree = "<group>"; };
		B43E67F026219E3C00FF7D3B /* Base */ = {isa = PBXFileReference; lastKnownFileType = file.storyboard; name = Base; path = Base.lproj/Main.storyboard; sourceTree = "<group>"; };
		B43E67F226219E3F00FF7D3B /* Assets.xcassets */ = {isa = PBXFileReference; lastKnownFileType = folder.assetcatalog; path = Assets.xcassets; sourceTree = "<group>"; };
		B43E67F526219E3F00FF7D3B /* Base */ = {isa = PBXFileReference; lastKnownFileType = file.storyboard; name = Base; path = Base.lproj/LaunchScreen.storyboard; sourceTree = "<group>"; };
		B43E67F726219E3F00FF7D3B /* Info.plist */ = {isa = PBXFileReference; lastKnownFileType = text.plist.xml; path = Info.plist; sourceTree = "<group>"; };
		B43E68042621CB9700FF7D3B /* GeoFenceModel.xcdatamodel */ = {isa = PBXFileReference; lastKnownFileType = wrapper.xcdatamodel; path = GeoFenceModel.xcdatamodel; sourceTree = "<group>"; };
		B43E68162621D3E700FF7D3B /* GoogleService-Info.plist */ = {isa = PBXFileReference; fileEncoding = 4; lastKnownFileType = text.plist.xml; path = "GoogleService-Info.plist"; sourceTree = "<group>"; };
		DC259478C936CAFA20A42526 /* Pods-GeoFence.release.xcconfig */ = {isa = PBXFileReference; includeInIndex = 1; lastKnownFileType = text.xcconfig; name = "Pods-GeoFence.release.xcconfig"; path = "Target Support Files/Pods-GeoFence/Pods-GeoFence.release.xcconfig"; sourceTree = "<group>"; };
/* End PBXFileReference section */

/* Begin PBXFrameworksBuildPhase section */
		B43E67E326219E3C00FF7D3B /* Frameworks */ = {
			isa = PBXFrameworksBuildPhase;
			buildActionMask = 2147483647;
			files = (
				1C4900766475620461BA187D /* Pods_GeoFence.framework in Frameworks */,
			);
			runOnlyForDeploymentPostprocessing = 0;
		};
/* End PBXFrameworksBuildPhase section */

/* Begin PBXGroup section */
		6DA4B182BB7BEFD4BB43F164 /* Frameworks */ = {
			isa = PBXGroup;
			children = (
				B1269C8B630F5EB4C7382D08 /* Pods_GeoFence.framework */,
			);
			name = Frameworks;
			sourceTree = "<group>";
		};
		B43E67DD26219E3C00FF7D3B = {
			isa = PBXGroup;
			children = (
				B43E67E826219E3C00FF7D3B /* GeoFence */,
				B43E67E726219E3C00FF7D3B /* Products */,
				DFFE849C874F6A1F6655ECF6 /* Pods */,
				6DA4B182BB7BEFD4BB43F164 /* Frameworks */,
			);
			sourceTree = "<group>";
		};
		B43E67E726219E3C00FF7D3B /* Products */ = {
			isa = PBXGroup;
			children = (
				B43E67E626219E3C00FF7D3B /* GeoFence.app */,
			);
			name = Products;
			sourceTree = "<group>";
		};
		B43E67E826219E3C00FF7D3B /* GeoFence */ = {
			isa = PBXGroup;
			children = (
				B43E67E926219E3C00FF7D3B /* AppDelegate.swift */,
				B43E67EB26219E3C00FF7D3B /* SceneDelegate.swift */,
				B43E67ED26219E3C00FF7D3B /* ViewController.swift */,
				B43E67EF26219E3C00FF7D3B /* Main.storyboard */,
				B43E67F226219E3F00FF7D3B /* Assets.xcassets */,
				B43E67F426219E3F00FF7D3B /* LaunchScreen.storyboard */,
				B43E67F726219E3F00FF7D3B /* Info.plist */,
				B43E68032621CB9700FF7D3B /* GeoFenceModel.xcdatamodeld */,
				B43E68162621D3E700FF7D3B /* GoogleService-Info.plist */,
			);
			path = GeoFence;
			sourceTree = "<group>";
		};
		DFFE849C874F6A1F6655ECF6 /* Pods */ = {
			isa = PBXGroup;
			children = (
				19B2CCB806E092F6C1BAB854 /* Pods-GeoFence.debug.xcconfig */,
				DC259478C936CAFA20A42526 /* Pods-GeoFence.release.xcconfig */,
			);
			path = Pods;
			sourceTree = "<group>";
		};
/* End PBXGroup section */

/* Begin PBXNativeTarget section */
		B43E67E526219E3C00FF7D3B /* GeoFence */ = {
			isa = PBXNativeTarget;
			buildConfigurationList = B43E67FA26219E3F00FF7D3B /* Build configuration list for PBXNativeTarget "GeoFence" */;
			buildPhases = (
				55CBFB354D6C5CF06E5E2763 /* [CP] Check Pods Manifest.lock */,
				B43E67E226219E3C00FF7D3B /* Sources */,
				B43E67E326219E3C00FF7D3B /* Frameworks */,
				B43E67E426219E3C00FF7D3B /* Resources */,
				64A7C9014958FB8016EAE7D2 /* [CP] Embed Pods Frameworks */,
				B43E682A2621D5DF00FF7D3B /* ShellScript */,
			);
			buildRules = (
			);
			dependencies = (
			);
			name = GeoFence;
			productName = GeoFence;
			productReference = B43E67E626219E3C00FF7D3B /* GeoFence.app */;
			productType = "com.apple.product-type.application";
		};
/* End PBXNativeTarget section */

/* Begin PBXProject section */
		B43E67DE26219E3C00FF7D3B /* Project object */ = {
			isa = PBXProject;
			attributes = {
				LastSwiftUpdateCheck = 1230;
				LastUpgradeCheck = 1230;
				TargetAttributes = {
					B43E67E526219E3C00FF7D3B = {
						CreatedOnToolsVersion = 12.3;
					};
				};
			};
			buildConfigurationList = B43E67E126219E3C00FF7D3B /* Build configuration list for PBXProject "GeoFence" */;
			compatibilityVersion = "Xcode 9.3";
			developmentRegion = en;
			hasScannedForEncodings = 0;
			knownRegions = (
				en,
				Base,
			);
			mainGroup = B43E67DD26219E3C00FF7D3B;
			productRefGroup = B43E67E726219E3C00FF7D3B /* Products */;
			projectDirPath = "";
			projectRoot = "";
			targets = (
				B43E67E526219E3C00FF7D3B /* GeoFence */,
			);
		};
/* End PBXProject section */

/* Begin PBXResourcesBuildPhase section */
		B43E67E426219E3C00FF7D3B /* Resources */ = {
			isa = PBXResourcesBuildPhase;
			buildActionMask = 2147483647;
			files = (
				B43E67F626219E3F00FF7D3B /* LaunchScreen.storyboard in Resources */,
				B43E68172621D3E700FF7D3B /* GoogleService-Info.plist in Resources */,
				B43E67F326219E3F00FF7D3B /* Assets.xcassets in Resources */,
				B43E67F126219E3C00FF7D3B /* Main.storyboard in Resources */,
			);
			runOnlyForDeploymentPostprocessing = 0;
		};
/* End PBXResourcesBuildPhase section */

/* Begin PBXShellScriptBuildPhase section */
		55CBFB354D6C5CF06E5E2763 /* [CP] Check Pods Manifest.lock */ = {
			isa = PBXShellScriptBuildPhase;
			buildActionMask = 2147483647;
			files = (
			);
			inputFileListPaths = (
			);
			inputPaths = (
				"${PODS_PODFILE_DIR_PATH}/Podfile.lock",
				"${PODS_ROOT}/Manifest.lock",
			);
			name = "[CP] Check Pods Manifest.lock";
			outputFileListPaths = (
			);
			outputPaths = (
				"$(DERIVED_FILE_DIR)/Pods-GeoFence-checkManifestLockResult.txt",
			);
			runOnlyForDeploymentPostprocessing = 0;
			shellPath = /bin/sh;
			shellScript = "diff \"${PODS_PODFILE_DIR_PATH}/Podfile.lock\" \"${PODS_ROOT}/Manifest.lock\" > /dev/null\nif [ $? != 0 ] ; then\n    # print error to STDERR\n    echo \"error: The sandbox is not in sync with the Podfile.lock. Run 'pod install' or update your CocoaPods installation.\" >&2\n    exit 1\nfi\n# This output is used by Xcode 'outputs' to avoid re-running this script phase.\necho \"SUCCESS\" > \"${SCRIPT_OUTPUT_FILE_0}\"\n";
			showEnvVarsInLog = 0;
		};
		64A7C9014958FB8016EAE7D2 /* [CP] Embed Pods Frameworks */ = {
			isa = PBXShellScriptBuildPhase;
			buildActionMask = 2147483647;
			files = (
			);
			inputFileListPaths = (
				"${PODS_ROOT}/Target Support Files/Pods-GeoFence/Pods-GeoFence-frameworks-${CONFIGURATION}-input-files.xcfilelist",
			);
			name = "[CP] Embed Pods Frameworks";
			outputFileListPaths = (
				"${PODS_ROOT}/Target Support Files/Pods-GeoFence/Pods-GeoFence-frameworks-${CONFIGURATION}-output-files.xcfilelist",
			);
			runOnlyForDeploymentPostprocessing = 0;
			shellPath = /bin/sh;
			shellScript = "\"${PODS_ROOT}/Target Support Files/Pods-GeoFence/Pods-GeoFence-frameworks.sh\"\n";
			showEnvVarsInLog = 0;
		};
		B43E682A2621D5DF00FF7D3B /* ShellScript */ = {
			isa = PBXShellScriptBuildPhase;
			buildActionMask = 2147483647;
			files = (
			);
			inputFileListPaths = (
			);
			inputPaths = (
				"${DWARF_DSYM_FOLDER_PATH}/${DWARF_DSYM_FILE_NAME}/Contents/Resources/DWARF/${TARGET_NAME}",
				"$(SRCROOT)/$(BUILT_PRODUCTS_DIR)/$(INFOPLIST_PATH)",
			);
			outputFileListPaths = (
			);
			outputPaths = (
			);
			runOnlyForDeploymentPostprocessing = 0;
			shellPath = /bin/sh;
			shellScript = "# Type a script or drag a script file from your workspace to insert its path.\n\"${PODS_ROOT}/FirebaseCrashlytics/run\"\n";
		};
/* End PBXShellScriptBuildPhase section */

/* Begin PBXSourcesBuildPhase section */
		B43E67E226219E3C00FF7D3B /* Sources */ = {
			isa = PBXSourcesBuildPhase;
			buildActionMask = 2147483647;
			files = (
				B43E67EE26219E3C00FF7D3B /* ViewController.swift in Sources */,
				B43E67EA26219E3C00FF7D3B /* AppDelegate.swift in Sources */,
				B43E67EC26219E3C00FF7D3B /* SceneDelegate.swift in Sources */,
				B43E68052621CB9700FF7D3B /* GeoFenceModel.xcdatamodeld in Sources */,
			);
			runOnlyForDeploymentPostprocessing = 0;
		};
/* End PBXSourcesBuildPhase section */

/* Begin PBXVariantGroup section */
		B43E67EF26219E3C00FF7D3B /* Main.storyboard */ = {
			isa = PBXVariantGroup;
			children = (
				B43E67F026219E3C00FF7D3B /* Base */,
			);
			name = Main.storyboard;
			sourceTree = "<group>";
		};
		B43E67F426219E3F00FF7D3B /* LaunchScreen.storyboard */ = {
			isa = PBXVariantGroup;
			children = (
				B43E67F526219E3F00FF7D3B /* Base */,
			);
			name = LaunchScreen.storyboard;
			sourceTree = "<group>";
		};
/* End PBXVariantGroup section */

/* Begin XCBuildConfiguration section */
		B43E67F826219E3F00FF7D3B /* Debug */ = {
			isa = XCBuildConfiguration;
			buildSettings = {
				ALWAYS_SEARCH_USER_PATHS = NO;
				CLANG_ANALYZER_NONNULL = YES;
				CLANG_ANALYZER_NUMBER_OBJECT_CONVERSION = YES_AGGRESSIVE;
				CLANG_CXX_LANGUAGE_STANDARD = "gnu++14";
				CLANG_CXX_LIBRARY = "libc++";
				CLANG_ENABLE_MODULES = YES;
				CLANG_ENABLE_OBJC_ARC = YES;
				CLANG_ENABLE_OBJC_WEAK = YES;
				CLANG_WARN_BLOCK_CAPTURE_AUTORELEASING = YES;
				CLANG_WARN_BOOL_CONVERSION = YES;
				CLANG_WARN_COMMA = YES;
				CLANG_WARN_CONSTANT_CONVERSION = YES;
				CLANG_WARN_DEPRECATED_OBJC_IMPLEMENTATIONS = YES;
				CLANG_WARN_DIRECT_OBJC_ISA_USAGE = YES_ERROR;
				CLANG_WARN_DOCUMENTATION_COMMENTS = YES;
				CLANG_WARN_EMPTY_BODY = YES;
				CLANG_WARN_ENUM_CONVERSION = YES;
				CLANG_WARN_INFINITE_RECURSION = YES;
				CLANG_WARN_INT_CONVERSION = YES;
				CLANG_WARN_NON_LITERAL_NULL_CONVERSION = YES;
				CLANG_WARN_OBJC_IMPLICIT_RETAIN_SELF = YES;
				CLANG_WARN_OBJC_LITERAL_CONVERSION = YES;
				CLANG_WARN_OBJC_ROOT_CLASS = YES_ERROR;
				CLANG_WARN_QUOTED_INCLUDE_IN_FRAMEWORK_HEADER = YES;
				CLANG_WARN_RANGE_LOOP_ANALYSIS = YES;
				CLANG_WARN_STRICT_PROTOTYPES = YES;
				CLANG_WARN_SUSPICIOUS_MOVE = YES;
				CLANG_WARN_UNGUARDED_AVAILABILITY = YES_AGGRESSIVE;
				CLANG_WARN_UNREACHABLE_CODE = YES;
				CLANG_WARN__DUPLICATE_METHOD_MATCH = YES;
				COPY_PHASE_STRIP = NO;
				DEBUG_INFORMATION_FORMAT = dwarf;
				ENABLE_STRICT_OBJC_MSGSEND = YES;
				ENABLE_TESTABILITY = YES;
				GCC_C_LANGUAGE_STANDARD = gnu11;
				GCC_DYNAMIC_NO_PIC = NO;
				GCC_NO_COMMON_BLOCKS = YES;
				GCC_OPTIMIZATION_LEVEL = 0;
				GCC_PREPROCESSOR_DEFINITIONS = (
					"DEBUG=1",
					"$(inherited)",
				);
				GCC_WARN_64_TO_32_BIT_CONVERSION = YES;
				GCC_WARN_ABOUT_RETURN_TYPE = YES_ERROR;
				GCC_WARN_UNDECLARED_SELECTOR = YES;
				GCC_WARN_UNINITIALIZED_AUTOS = YES_AGGRESSIVE;
				GCC_WARN_UNUSED_FUNCTION = YES;
				GCC_WARN_UNUSED_VARIABLE = YES;
				IPHONEOS_DEPLOYMENT_TARGET = 14.3;
				MTL_ENABLE_DEBUG_INFO = INCLUDE_SOURCE;
				MTL_FAST_MATH = YES;
				ONLY_ACTIVE_ARCH = YES;
				SDKROOT = iphoneos;
				SWIFT_ACTIVE_COMPILATION_CONDITIONS = DEBUG;
				SWIFT_OPTIMIZATION_LEVEL = "-Onone";
			};
			name = Debug;
		};
		B43E67F926219E3F00FF7D3B /* Release */ = {
			isa = XCBuildConfiguration;
			buildSettings = {
				ALWAYS_SEARCH_USER_PATHS = NO;
				CLANG_ANALYZER_NONNULL = YES;
				CLANG_ANALYZER_NUMBER_OBJECT_CONVERSION = YES_AGGRESSIVE;
				CLANG_CXX_LANGUAGE_STANDARD = "gnu++14";
				CLANG_CXX_LIBRARY = "libc++";
				CLANG_ENABLE_MODULES = YES;
				CLANG_ENABLE_OBJC_ARC = YES;
				CLANG_ENABLE_OBJC_WEAK = YES;
				CLANG_WARN_BLOCK_CAPTURE_AUTORELEASING = YES;
				CLANG_WARN_BOOL_CONVERSION = YES;
				CLANG_WARN_COMMA = YES;
				CLANG_WARN_CONSTANT_CONVERSION = YES;
				CLANG_WARN_DEPRECATED_OBJC_IMPLEMENTATIONS = YES;
				CLANG_WARN_DIRECT_OBJC_ISA_USAGE = YES_ERROR;
				CLANG_WARN_DOCUMENTATION_COMMENTS = YES;
				CLANG_WARN_EMPTY_BODY = YES;
				CLANG_WARN_ENUM_CONVERSION = YES;
				CLANG_WARN_INFINITE_RECURSION = YES;
				CLANG_WARN_INT_CONVERSION = YES;
				CLANG_WARN_NON_LITERAL_NULL_CONVERSION = YES;
				CLANG_WARN_OBJC_IMPLICIT_RETAIN_SELF = YES;
				CLANG_WARN_OBJC_LITERAL_CONVERSION = YES;
				CLANG_WARN_OBJC_ROOT_CLASS = YES_ERROR;
				CLANG_WARN_QUOTED_INCLUDE_IN_FRAMEWORK_HEADER = YES;
				CLANG_WARN_RANGE_LOOP_ANALYSIS = YES;
				CLANG_WARN_STRICT_PROTOTYPES = YES;
				CLANG_WARN_SUSPICIOUS_MOVE = YES;
				CLANG_WARN_UNGUARDED_AVAILABILITY = YES_AGGRESSIVE;
				CLANG_WARN_UNREACHABLE_CODE = YES;
				CLANG_WARN__DUPLICATE_METHOD_MATCH = YES;
				COPY_PHASE_STRIP = NO;
				DEBUG_INFORMATION_FORMAT = "dwarf-with-dsym";
				ENABLE_NS_ASSERTIONS = NO;
				ENABLE_STRICT_OBJC_MSGSEND = YES;
				GCC_C_LANGUAGE_STANDARD = gnu11;
				GCC_NO_COMMON_BLOCKS = YES;
				GCC_WARN_64_TO_32_BIT_CONVERSION = YES;
				GCC_WARN_ABOUT_RETURN_TYPE = YES_ERROR;
				GCC_WARN_UNDECLARED_SELECTOR = YES;
				GCC_WARN_UNINITIALIZED_AUTOS = YES_AGGRESSIVE;
				GCC_WARN_UNUSED_FUNCTION = YES;
				GCC_WARN_UNUSED_VARIABLE = YES;
				IPHONEOS_DEPLOYMENT_TARGET = 14.3;
				MTL_ENABLE_DEBUG_INFO = NO;
				MTL_FAST_MATH = YES;
				SDKROOT = iphoneos;
				SWIFT_COMPILATION_MODE = wholemodule;
				SWIFT_OPTIMIZATION_LEVEL = "-O";
				VALIDATE_PRODUCT = YES;
			};
			name = Release;
		};
		B43E67FB26219E3F00FF7D3B /* Debug */ = {
			isa = XCBuildConfiguration;
			baseConfigurationReference = 19B2CCB806E092F6C1BAB854 /* Pods-GeoFence.debug.xcconfig */;
			buildSettings = {
				ASSETCATALOG_COMPILER_APPICON_NAME = AppIcon;
				ASSETCATALOG_COMPILER_GLOBAL_ACCENT_COLOR_NAME = AccentColor;
				CODE_SIGN_STYLE = Automatic;
				DEBUG_INFORMATION_FORMAT = "dwarf-with-dsym";
				INFOPLIST_FILE = GeoFence/Info.plist;
				LD_RUNPATH_SEARCH_PATHS = (
					"$(inherited)",
					"@executable_path/Frameworks",
				);
				PRODUCT_BUNDLE_IDENTIFIER = com.test.GeoFence;
				PRODUCT_NAME = "$(TARGET_NAME)";
				SWIFT_VERSION = 5.0;
				TARGETED_DEVICE_FAMILY = 1;
			};
			name = Debug;
		};
		B43E67FC26219E3F00FF7D3B /* Release */ = {
			isa = XCBuildConfiguration;
			baseConfigurationReference = DC259478C936CAFA20A42526 /* Pods-GeoFence.release.xcconfig */;
			buildSettings = {
				ASSETCATALOG_COMPILER_APPICON_NAME = AppIcon;
				ASSETCATALOG_COMPILER_GLOBAL_ACCENT_COLOR_NAME = AccentColor;
				CODE_SIGN_STYLE = Automatic;
				INFOPLIST_FILE = GeoFence/Info.plist;
				LD_RUNPATH_SEARCH_PATHS = (
					"$(inherited)",
					"@executable_path/Frameworks",
				);
				PRODUCT_BUNDLE_IDENTIFIER = com.test.GeoFence;
				PRODUCT_NAME = "$(TARGET_NAME)";
				SWIFT_VERSION = 5.0;
				TARGETED_DEVICE_FAMILY = 1;
			};
			name = Release;
		};
/* End XCBuildConfiguration section */

/* Begin XCConfigurationList section */
		B43E67E126219E3C00FF7D3B /* Build configuration list for PBXProject "GeoFence" */ = {
			isa = XCConfigurationList;
			buildConfigurations = (
				B43E67F826219E3F00FF7D3B /* Debug */,
				B43E67F926219E3F00FF7D3B /* Release */,
			);
			defaultConfigurationIsVisible = 0;
			defaultConfigurationName = Release;
		};
		B43E67FA26219E3F00FF7D3B /* Build configuration list for PBXNativeTarget "GeoFence" */ = {
			isa = XCConfigurationList;
			buildConfigurations = (
				B43E67FB26219E3F00FF7D3B /* Debug */,
				B43E67FC26219E3F00FF7D3B /* Release */,
			);
			defaultConfigurationIsVisible = 0;
			defaultConfigurationName = Release;
		};
/* End XCConfigurationList section */

/* Begin XCVersionGroup section */
		B43E68032621CB9700FF7D3B /* GeoFenceModel.xcdatamodeld */ = {
			isa = XCVersionGroup;
			children = (
				B43E68042621CB9700FF7D3B /* GeoFenceModel.xcdatamodel */,
			);
			currentVersion = B43E68042621CB9700FF7D3B /* GeoFenceModel.xcdatamodel */;
			path = GeoFenceModel.xcdatamodeld;
			sourceTree = "<group>";
			versionGroupType = wrapper.xcdatamodel;
		};
/* End XCVersionGroup section */
	};
	rootObject = B43E67DE26219E3C00FF7D3B /* Project object */;
}
